
Microsoft Visual Studio Solution File, Format Version 12.00
# Visual Studio 2013
VisualStudioVersion = 12.0.30324.0
MinimumVisualStudioVersion = 10.0.40219.1
Project("{FAE04EC0-301F-11D3-BF4B-00C04F79EFBC}") = "BattleField", "BattleField\BattleField.csproj", "{641F20AE-B25E-467C-AA51-2971219DCF88}"
EndProject
Project("{FAE04EC0-301F-11D3-BF4B-00C04F79EFBC}") = "BattleFieldTests", "BattleFieldTests\BattleFieldTests.csproj", "{A724F89E-4E98-4010-A309-1A6B414B4D69}"
EndProject
Global
	GlobalSection(SolutionConfigurationPlatforms) = preSolution
		Debug|Any CPU = Debug|Any CPU
		Release|Any CPU = Release|Any CPU
	EndGlobalSection
	GlobalSection(ProjectConfigurationPlatforms) = postSolution
		{641F20AE-B25E-467C-AA51-2971219DCF88}.Debug|Any CPU.ActiveCfg = Debug|Any CPU
		{641F20AE-B25E-467C-AA51-2971219DCF88}.Debug|Any CPU.Build.0 = Debug|Any CPU
		{641F20AE-B25E-467C-AA51-2971219DCF88}.Release|Any CPU.ActiveCfg = Release|Any CPU
		{641F20AE-B25E-467C-AA51-2971219DCF88}.Release|Any CPU.Build.0 = Release|Any CPU
		{A724F89E-4E98-4010-A309-1A6B414B4D69}.Debug|Any CPU.ActiveCfg = Debug|Any CPU
		{A724F89E-4E98-4010-A309-1A6B414B4D69}.Debug|Any CPU.Build.0 = Debug|Any CPU
		{A724F89E-4E98-4010-A309-1A6B414B4D69}.Release|Any CPU.ActiveCfg = Release|Any CPU
		{A724F89E-4E98-4010-A309-1A6B414B4D69}.Release|Any CPU.Build.0 = Release|Any CPU
	EndGlobalSection
	GlobalSection(SolutionProperties) = preSolution
		HideSolutionNode = FALSE
	EndGlobalSection
EndGlobal
